
Microsoft Visual Studio Solution File, Format Version 12.00
# Visual Studio Version 16
VisualStudioVersion = 16.0.31613.86
MinimumVisualStudioVersion = 10.0.40219.1
Project("{FAE04EC0-301F-11D3-BF4B-00C04F79EFBC}") = "TCSandbox", "TCSandbox\TCSandbox.csproj", "{C3C55C95-E3CD-48D5-AE09-2070902380E8}"
EndProject
Global
	GlobalSection(SolutionConfigurationPlatforms) = preSolution
		Debug|Any CPU = Debug|Any CPU
		Release|Any CPU = Release|Any CPU
	EndGlobalSection
	GlobalSection(ProjectConfigurationPlatforms) = postSolution
		{C3C55C95-E3CD-48D5-AE09-2070902380E8}.Debug|Any CPU.ActiveCfg = Debug|Any CPU
		{C3C55C95-E3CD-48D5-AE09-2070902380E8}.Debug|Any CPU.Build.0 = Debug|Any CPU
		{C3C55C95-E3CD-48D5-AE09-2070902380E8}.Release|Any CPU.ActiveCfg = Release|Any CPU
		{C3C55C95-E3CD-48D5-AE09-2070902380E8}.Release|Any CPU.Build.0 = Release|Any CPU
	EndGlobalSection
	GlobalSection(SolutionProperties) = preSolution
		HideSolutionNode = FALSE
	EndGlobalSection
	GlobalSection(ExtensibilityGlobals) = postSolution
		SolutionGuid = {906C6A47-5B47-4D88-89C0-60B48CE0FF01}
	EndGlobalSection
EndGlobal
